
Microsoft Visual Studio Solution File, Format Version 12.00
# Visual Studio 14
VisualStudioVersion = 14.0.23107.0
MinimumVisualStudioVersion = 10.0.40219.1
Project("{F184B08F-C81C-45F6-A57F-5ABD9991F28F}") = "TestGitHub", "TestGitHub\TestGitHub.vbproj", "{9656D3B9-02D7-4FB9-98AE-4F11B68D23DE}"
EndProject
Global
	GlobalSection(SolutionConfigurationPlatforms) = preSolution
		Debug|Any CPU = Debug|Any CPU
		Release|Any CPU = Release|Any CPU
	EndGlobalSection
	GlobalSection(ProjectConfigurationPlatforms) = postSolution
		{9656D3B9-02D7-4FB9-98AE-4F11B68D23DE}.Debug|Any CPU.ActiveCfg = Debug|Any CPU
		{9656D3B9-02D7-4FB9-98AE-4F11B68D23DE}.Debug|Any CPU.Build.0 = Debug|Any CPU
		{9656D3B9-02D7-4FB9-98AE-4F11B68D23DE}.Release|Any CPU.ActiveCfg = Release|Any CPU
		{9656D3B9-02D7-4FB9-98AE-4F11B68D23DE}.Release|Any CPU.Build.0 = Release|Any CPU
	EndGlobalSection
	GlobalSection(SolutionProperties) = preSolution
		HideSolutionNode = FALSE
	EndGlobalSection
EndGlobal
